
Microsoft Visual Studio Solution File, Format Version 12.00
# Visual Studio Version 16
VisualStudioVersion = 16.0.30523.141
MinimumVisualStudioVersion = 10.0.40219.1
Project("{FAE04EC0-301F-11D3-BF4B-00C04F79EFBC}") = "Web-Browser", "Web-Browser.csproj", "{D0ADFECD-F75D-4A65-899C-45BEAF247634}"
EndProject
Project("{FAE04EC0-301F-11D3-BF4B-00C04F79EFBC}") = "BrowserTests", "..\BrowserTests\BrowserTests.csproj", "{5A69D973-35AB-4CF9-86FF-DBF6338E3239}"
EndProject
Global
	GlobalSection(SolutionConfigurationPlatforms) = preSolution
		Debug|Any CPU = Debug|Any CPU
		Release|Any CPU = Release|Any CPU
	EndGlobalSection
	GlobalSection(ProjectConfigurationPlatforms) = postSolution
		{D0ADFECD-F75D-4A65-899C-45BEAF247634}.Debug|Any CPU.ActiveCfg = Debug|Any CPU
		{D0ADFECD-F75D-4A65-899C-45BEAF247634}.Debug|Any CPU.Build.0 = Debug|Any CPU
		{D0ADFECD-F75D-4A65-899C-45BEAF247634}.Release|Any CPU.ActiveCfg = Release|Any CPU
		{D0ADFECD-F75D-4A65-899C-45BEAF247634}.Release|Any CPU.Build.0 = Release|Any CPU
		{5A69D973-35AB-4CF9-86FF-DBF6338E3239}.Debug|Any CPU.ActiveCfg = Debug|Any CPU
		{5A69D973-35AB-4CF9-86FF-DBF6338E3239}.Debug|Any CPU.Build.0 = Debug|Any CPU
		{5A69D973-35AB-4CF9-86FF-DBF6338E3239}.Release|Any CPU.ActiveCfg = Release|Any CPU
		{5A69D973-35AB-4CF9-86FF-DBF6338E3239}.Release|Any CPU.Build.0 = Release|Any CPU
	EndGlobalSection
	GlobalSection(SolutionProperties) = preSolution
		HideSolutionNode = FALSE
	EndGlobalSection
	GlobalSection(ExtensibilityGlobals) = postSolution
		SolutionGuid = {F7690052-DE18-4228-AC12-F6CF95AF8684}
	EndGlobalSection
EndGlobal
